
Microsoft Visual Studio Solution File, Format Version 12.00
# Visual Studio Version 16
VisualStudioVersion = 16.0.31313.79
MinimumVisualStudioVersion = 10.0.40219.1
Project("{9A19103F-16F7-4668-BE54-9A1E7A4F7556}") = "WebStore", "WebStore\WebStore.csproj", "{0489F5FB-FD71-4E0D-80D5-4A59D388A432}"
EndProject
Project("{9A19103F-16F7-4668-BE54-9A1E7A4F7556}") = "WebStore.Domain", "WebStore.Domain\WebStore.Domain.csproj", "{B7A8C741-D3BC-4A75-BA8F-E20B1099A486}"
EndProject
Project("{FAE04EC0-301F-11D3-BF4B-00C04F79EFBC}") = "WebStore.DAL", "WebStore.DAL\WebStore.DAL.csproj", "{E52677FE-8164-42D5-825A-5D75C9010BC9}"
EndProject
Global
	GlobalSection(SolutionConfigurationPlatforms) = preSolution
		Debug|Any CPU = Debug|Any CPU
		Release|Any CPU = Release|Any CPU
	EndGlobalSection
	GlobalSection(ProjectConfigurationPlatforms) = postSolution
		{0489F5FB-FD71-4E0D-80D5-4A59D388A432}.Debug|Any CPU.ActiveCfg = Debug|Any CPU
		{0489F5FB-FD71-4E0D-80D5-4A59D388A432}.Debug|Any CPU.Build.0 = Debug|Any CPU
		{0489F5FB-FD71-4E0D-80D5-4A59D388A432}.Release|Any CPU.ActiveCfg = Release|Any CPU
		{0489F5FB-FD71-4E0D-80D5-4A59D388A432}.Release|Any CPU.Build.0 = Release|Any CPU
		{B7A8C741-D3BC-4A75-BA8F-E20B1099A486}.Debug|Any CPU.ActiveCfg = Debug|Any CPU
		{B7A8C741-D3BC-4A75-BA8F-E20B1099A486}.Debug|Any CPU.Build.0 = Debug|Any CPU
		{B7A8C741-D3BC-4A75-BA8F-E20B1099A486}.Release|Any CPU.ActiveCfg = Release|Any CPU
		{B7A8C741-D3BC-4A75-BA8F-E20B1099A486}.Release|Any CPU.Build.0 = Release|Any CPU
		{E52677FE-8164-42D5-825A-5D75C9010BC9}.Debug|Any CPU.ActiveCfg = Debug|Any CPU
		{E52677FE-8164-42D5-825A-5D75C9010BC9}.Debug|Any CPU.Build.0 = Debug|Any CPU
		{E52677FE-8164-42D5-825A-5D75C9010BC9}.Release|Any CPU.ActiveCfg = Release|Any CPU
		{E52677FE-8164-42D5-825A-5D75C9010BC9}.Release|Any CPU.Build.0 = Release|Any CPU
	EndGlobalSection
	GlobalSection(SolutionProperties) = preSolution
		HideSolutionNode = FALSE
	EndGlobalSection
	GlobalSection(ExtensibilityGlobals) = postSolution
		SolutionGuid = {6438AC68-A671-40E8-932A-1054262C2148}
	EndGlobalSection
EndGlobal
