
Microsoft Visual Studio Solution File, Format Version 12.00
# Visual Studio Version 16
VisualStudioVersion = 16.0.31313.79
MinimumVisualStudioVersion = 10.0.40219.1
Project("{2150E333-8FDC-42A3-9474-1A3956D46DE8}") = "Common", "Common", "{B1A7BBBD-A100-48D8-8C34-286C7721F8E1}"
EndProject
Project("{2150E333-8FDC-42A3-9474-1A3956D46DE8}") = "Services", "Services", "{A2BD2808-7E20-4E5F-B4F8-EC402F7FE932}"
EndProject
Project("{2150E333-8FDC-42A3-9474-1A3956D46DE8}") = "UI", "UI", "{8EFF83C6-FAC6-4D08-9DA7-EEB7CDDCA631}"
EndProject
Project("{9A19103F-16F7-4668-BE54-9A1E7A4F7556}") = "WebStore.Domain", "Common\WebStore.Domain\WebStore.Domain.csproj", "{6BB883A1-5A5B-45A1-BF4D-B5B590702C79}"
EndProject
Project("{9A19103F-16F7-4668-BE54-9A1E7A4F7556}") = "WebStore.DAL", "Services\WebStore.DAL\WebStore.DAL.csproj", "{43DD7F88-E14D-407B-A2EB-3EB63CB01316}"
EndProject
Project("{9A19103F-16F7-4668-BE54-9A1E7A4F7556}") = "WebStore.DAL.Sqlite", "Services\WebStore.DAL.Sqlite\WebStore.DAL.Sqlite.csproj", "{1AFEAD3D-4E07-4EDE-9C0E-921AD8C5E960}"
EndProject
Project("{9A19103F-16F7-4668-BE54-9A1E7A4F7556}") = "WebStore", "UI\WebStore\WebStore.csproj", "{5A878AE7-45CA-4860-A728-D2541797F91D}"
EndProject
Project("{9A19103F-16F7-4668-BE54-9A1E7A4F7556}") = "WebStore.Interfaces", "Services\WebStore.Interfaces\WebStore.Interfaces.csproj", "{9024D2F9-CB7E-452C-873E-307F72A7317F}"
EndProject
Project("{9A19103F-16F7-4668-BE54-9A1E7A4F7556}") = "WebStore.Services", "Services\WebStore.Services\WebStore.Services.csproj", "{61D1DBD3-233F-42FB-9D8C-72A8DC7B616F}"
EndProject
Project("{9A19103F-16F7-4668-BE54-9A1E7A4F7556}") = "WebStore.WebAPI", "Services\WebStore.WebAPI\WebStore.WebAPI.csproj", "{08268706-A3D3-4D16-A9AD-DA431545DC46}"
EndProject
Project("{9A19103F-16F7-4668-BE54-9A1E7A4F7556}") = "WebStore.WebAPI.Clients", "Services\WebStore.WebAPI.Clients\WebStore.WebAPI.Clients.csproj", "{75444E62-166A-48B4-B821-AF95908728E6}"
EndProject
Project("{FAE04EC0-301F-11D3-BF4B-00C04F79EFBC}") = "WebStore.Logger", "Common\WebStore.Logger\WebStore.Logger.csproj", "{6B158219-125F-4E47-92BC-49B200291F26}"
EndProject
Global
	GlobalSection(SolutionConfigurationPlatforms) = preSolution
		Debug|Any CPU = Debug|Any CPU
		Release|Any CPU = Release|Any CPU
	EndGlobalSection
	GlobalSection(ProjectConfigurationPlatforms) = postSolution
		{6BB883A1-5A5B-45A1-BF4D-B5B590702C79}.Debug|Any CPU.ActiveCfg = Debug|Any CPU
		{6BB883A1-5A5B-45A1-BF4D-B5B590702C79}.Debug|Any CPU.Build.0 = Debug|Any CPU
		{6BB883A1-5A5B-45A1-BF4D-B5B590702C79}.Release|Any CPU.ActiveCfg = Release|Any CPU
		{6BB883A1-5A5B-45A1-BF4D-B5B590702C79}.Release|Any CPU.Build.0 = Release|Any CPU
		{43DD7F88-E14D-407B-A2EB-3EB63CB01316}.Debug|Any CPU.ActiveCfg = Debug|Any CPU
		{43DD7F88-E14D-407B-A2EB-3EB63CB01316}.Debug|Any CPU.Build.0 = Debug|Any CPU
		{43DD7F88-E14D-407B-A2EB-3EB63CB01316}.Release|Any CPU.ActiveCfg = Release|Any CPU
		{43DD7F88-E14D-407B-A2EB-3EB63CB01316}.Release|Any CPU.Build.0 = Release|Any CPU
		{1AFEAD3D-4E07-4EDE-9C0E-921AD8C5E960}.Debug|Any CPU.ActiveCfg = Debug|Any CPU
		{1AFEAD3D-4E07-4EDE-9C0E-921AD8C5E960}.Debug|Any CPU.Build.0 = Debug|Any CPU
		{1AFEAD3D-4E07-4EDE-9C0E-921AD8C5E960}.Release|Any CPU.ActiveCfg = Release|Any CPU
		{1AFEAD3D-4E07-4EDE-9C0E-921AD8C5E960}.Release|Any CPU.Build.0 = Release|Any CPU
		{5A878AE7-45CA-4860-A728-D2541797F91D}.Debug|Any CPU.ActiveCfg = Debug|Any CPU
		{5A878AE7-45CA-4860-A728-D2541797F91D}.Debug|Any CPU.Build.0 = Debug|Any CPU
		{5A878AE7-45CA-4860-A728-D2541797F91D}.Release|Any CPU.ActiveCfg = Release|Any CPU
		{5A878AE7-45CA-4860-A728-D2541797F91D}.Release|Any CPU.Build.0 = Release|Any CPU
		{9024D2F9-CB7E-452C-873E-307F72A7317F}.Debug|Any CPU.ActiveCfg = Debug|Any CPU
		{9024D2F9-CB7E-452C-873E-307F72A7317F}.Debug|Any CPU.Build.0 = Debug|Any CPU
		{9024D2F9-CB7E-452C-873E-307F72A7317F}.Release|Any CPU.ActiveCfg = Release|Any CPU
		{9024D2F9-CB7E-452C-873E-307F72A7317F}.Release|Any CPU.Build.0 = Release|Any CPU
		{61D1DBD3-233F-42FB-9D8C-72A8DC7B616F}.Debug|Any CPU.ActiveCfg = Debug|Any CPU
		{61D1DBD3-233F-42FB-9D8C-72A8DC7B616F}.Debug|Any CPU.Build.0 = Debug|Any CPU
		{61D1DBD3-233F-42FB-9D8C-72A8DC7B616F}.Release|Any CPU.ActiveCfg = Release|Any CPU
		{61D1DBD3-233F-42FB-9D8C-72A8DC7B616F}.Release|Any CPU.Build.0 = Release|Any CPU
		{08268706-A3D3-4D16-A9AD-DA431545DC46}.Debug|Any CPU.ActiveCfg = Debug|Any CPU
		{08268706-A3D3-4D16-A9AD-DA431545DC46}.Debug|Any CPU.Build.0 = Debug|Any CPU
		{08268706-A3D3-4D16-A9AD-DA431545DC46}.Release|Any CPU.ActiveCfg = Release|Any CPU
		{08268706-A3D3-4D16-A9AD-DA431545DC46}.Release|Any CPU.Build.0 = Release|Any CPU
		{75444E62-166A-48B4-B821-AF95908728E6}.Debug|Any CPU.ActiveCfg = Debug|Any CPU
		{75444E62-166A-48B4-B821-AF95908728E6}.Debug|Any CPU.Build.0 = Debug|Any CPU
		{75444E62-166A-48B4-B821-AF95908728E6}.Release|Any CPU.ActiveCfg = Release|Any CPU
		{75444E62-166A-48B4-B821-AF95908728E6}.Release|Any CPU.Build.0 = Release|Any CPU
		{6B158219-125F-4E47-92BC-49B200291F26}.Debug|Any CPU.ActiveCfg = Debug|Any CPU
		{6B158219-125F-4E47-92BC-49B200291F26}.Debug|Any CPU.Build.0 = Debug|Any CPU
		{6B158219-125F-4E47-92BC-49B200291F26}.Release|Any CPU.ActiveCfg = Release|Any CPU
		{6B158219-125F-4E47-92BC-49B200291F26}.Release|Any CPU.Build.0 = Release|Any CPU
	EndGlobalSection
	GlobalSection(SolutionProperties) = preSolution
		HideSolutionNode = FALSE
	EndGlobalSection
	GlobalSection(NestedProjects) = preSolution
		{6BB883A1-5A5B-45A1-BF4D-B5B590702C79} = {B1A7BBBD-A100-48D8-8C34-286C7721F8E1}
		{43DD7F88-E14D-407B-A2EB-3EB63CB01316} = {A2BD2808-7E20-4E5F-B4F8-EC402F7FE932}
		{1AFEAD3D-4E07-4EDE-9C0E-921AD8C5E960} = {A2BD2808-7E20-4E5F-B4F8-EC402F7FE932}
		{5A878AE7-45CA-4860-A728-D2541797F91D} = {8EFF83C6-FAC6-4D08-9DA7-EEB7CDDCA631}
		{9024D2F9-CB7E-452C-873E-307F72A7317F} = {A2BD2808-7E20-4E5F-B4F8-EC402F7FE932}
		{61D1DBD3-233F-42FB-9D8C-72A8DC7B616F} = {A2BD2808-7E20-4E5F-B4F8-EC402F7FE932}
		{08268706-A3D3-4D16-A9AD-DA431545DC46} = {A2BD2808-7E20-4E5F-B4F8-EC402F7FE932}
		{75444E62-166A-48B4-B821-AF95908728E6} = {A2BD2808-7E20-4E5F-B4F8-EC402F7FE932}
		{6B158219-125F-4E47-92BC-49B200291F26} = {B1A7BBBD-A100-48D8-8C34-286C7721F8E1}
	EndGlobalSection
	GlobalSection(ExtensibilityGlobals) = postSolution
		SolutionGuid = {6438AC68-A671-40E8-932A-1054262C2148}
	EndGlobalSection
EndGlobal
